
Microsoft Visual Studio Solution File, Format Version 12.00
# Visual Studio 15
Project("{FAE04EC0-301F-11D3-BF4B-00C04F79EFBC}") = "UnityEngine.TestRunner", "UnityEngine.TestRunner.csproj", "{1CFBDF4D-C64C-4492-C42C-A30DB142AF9B}"
EndProject
Project("{FAE04EC0-301F-11D3-BF4B-00C04F79EFBC}") = "Unity.VisualScripting.Flow", "Unity.VisualScripting.Flow.csproj", "{F8C885B8-D6D1-D036-DD39-DF98F0FB9E78}"
EndProject
Project("{FAE04EC0-301F-11D3-BF4B-00C04F79EFBC}") = "Unity.Services.Core.Telemetry", "Unity.Services.Core.Telemetry.csproj", "{7ED068E6-8992-1FCF-25D9-45E74BE24A45}"
EndProject
Project("{FAE04EC0-301F-11D3-BF4B-00C04F79EFBC}") = "Unity.VisualScripting.State", "Unity.VisualScripting.State.csproj", "{8B88A369-B9E8-8FE3-901F-58757FFFBC4F}"
EndProject
Project("{FAE04EC0-301F-11D3-BF4B-00C04F79EFBC}") = "Unity.VisualScripting.Core", "Unity.VisualScripting.Core.csproj", "{6A5F52D3-4BBA-E590-177F-ECA4F7A81282}"
EndProject
Project("{FAE04EC0-301F-11D3-BF4B-00C04F79EFBC}") = "Unity.Services.Core.Environments.Internal", "Unity.Services.Core.Environments.Internal.csproj", "{D0535D43-97D6-C364-1546-3AF7E02C3F9D}"
EndProject
Project("{FAE04EC0-301F-11D3-BF4B-00C04F79EFBC}") = "Unity.TextMeshPro", "Unity.TextMeshPro.csproj", "{313750E5-FA03-EA5E-781D-77CF2814394C}"
EndProject
Project("{FAE04EC0-301F-11D3-BF4B-00C04F79EFBC}") = "Unity.Timeline", "Unity.Timeline.csproj", "{AEF485C8-CFA8-24C9-198F-E3C5975C1FE1}"
EndProject
Project("{FAE04EC0-301F-11D3-BF4B-00C04F79EFBC}") = "Unity.Services.Core.Environments", "Unity.Services.Core.Environments.csproj", "{70E71AD8-CFEE-FCC1-D033-C425CF0FBC42}"
EndProject
Project("{FAE04EC0-301F-11D3-BF4B-00C04F79EFBC}") = "Unity.Services.Core.Internal", "Unity.Services.Core.Internal.csproj", "{F2D681E7-2D68-DB75-FD87-C51AEC1B91C7}"
EndProject
Project("{FAE04EC0-301F-11D3-BF4B-00C04F79EFBC}") = "Unity.Services.Core.Analytics", "Unity.Services.Core.Analytics.csproj", "{FF29E689-B624-A407-B3C7-B1B50B33DB71}"
EndProject
Project("{FAE04EC0-301F-11D3-BF4B-00C04F79EFBC}") = "Unity.Services.Core.Scheduler", "Unity.Services.Core.Scheduler.csproj", "{5D7BB170-5C40-2BDA-ABD0-0857063AADD6}"
EndProject
Project("{FAE04EC0-301F-11D3-BF4B-00C04F79EFBC}") = "Unity.Services.Core.Registration", "Unity.Services.Core.Registration.csproj", "{8D5BE433-CFE8-8D6D-EE76-6499814488CB}"
EndProject
Project("{FAE04EC0-301F-11D3-BF4B-00C04F79EFBC}") = "Unity.Services.Core.Device", "Unity.Services.Core.Device.csproj", "{41759D0B-9286-B266-10A8-C94C42F2D1C9}"
EndProject
Project("{FAE04EC0-301F-11D3-BF4B-00C04F79EFBC}") = "Unity.Services.Core.Threading", "Unity.Services.Core.Threading.csproj", "{2D12653E-B723-DF85-9819-80C26DF3ECC6}"
EndProject
Project("{FAE04EC0-301F-11D3-BF4B-00C04F79EFBC}") = "Unity.Services.Core.Networking", "Unity.Services.Core.Networking.csproj", "{EC6E6885-1F8E-7AE1-5F1B-5FC61C99A72C}"
EndProject
Project("{FAE04EC0-301F-11D3-BF4B-00C04F79EFBC}") = "Unity.Services.Core", "Unity.Services.Core.csproj", "{C1AA7755-0173-6A1C-8B0A-E72C5D35CDD8}"
EndProject
Project("{FAE04EC0-301F-11D3-BF4B-00C04F79EFBC}") = "Unity.Services.Core.Configuration", "Unity.Services.Core.Configuration.csproj", "{970A15E4-3413-BF05-BE14-326A9B73D916}"
EndProject
Project("{FAE04EC0-301F-11D3-BF4B-00C04F79EFBC}") = "Unity.PlasticSCM.Editor", "Unity.PlasticSCM.Editor.csproj", "{5AA26410-774E-984D-A265-B086E92137C3}"
EndProject
Project("{FAE04EC0-301F-11D3-BF4B-00C04F79EFBC}") = "Unity.VisualScripting.Core.Editor", "Unity.VisualScripting.Core.Editor.csproj", "{9940291E-2B7F-B1C9-F00D-37D404496F7A}"
EndProject
Project("{FAE04EC0-301F-11D3-BF4B-00C04F79EFBC}") = "Unity.VisualScripting.Flow.Editor", "Unity.VisualScripting.Flow.Editor.csproj", "{D7BBDD3D-4FBB-D8C2-1B2D-8F0031F075B4}"
EndProject
Project("{FAE04EC0-301F-11D3-BF4B-00C04F79EFBC}") = "Unity.VisualStudio.Editor", "Unity.VisualStudio.Editor.csproj", "{AC888DD0-BD1D-8415-95FB-96BB39242BEF}"
EndProject
Project("{FAE04EC0-301F-11D3-BF4B-00C04F79EFBC}") = "Unity.Timeline.Editor", "Unity.Timeline.Editor.csproj", "{7D72D995-D7F0-CCA0-2AF8-33FB0C6255E4}"
EndProject
Project("{FAE04EC0-301F-11D3-BF4B-00C04F79EFBC}") = "Unity.VisualScripting.State.Editor", "Unity.VisualScripting.State.Editor.csproj", "{01FE7F1E-E88C-609B-1D92-8536FA85050E}"
EndProject
Project("{FAE04EC0-301F-11D3-BF4B-00C04F79EFBC}") = "Unity.TextMeshPro.Editor", "Unity.TextMeshPro.Editor.csproj", "{B58877A3-5753-E8D7-B859-9334C67D4F5B}"
EndProject
Project("{FAE04EC0-301F-11D3-BF4B-00C04F79EFBC}") = "Unity.VisualScripting.SettingsProvider.Editor", "Unity.VisualScripting.SettingsProvider.Editor.csproj", "{2BF9FB9D-26D4-5BB6-161C-940E07B11AE4}"
EndProject
Project("{FAE04EC0-301F-11D3-BF4B-00C04F79EFBC}") = "Unity.CollabProxy.Editor", "Unity.CollabProxy.Editor.csproj", "{EC523D29-0CD8-BF6E-244D-B869BA6347F0}"
EndProject
Project("{FAE04EC0-301F-11D3-BF4B-00C04F79EFBC}") = "UnityEditor.TestRunner", "UnityEditor.TestRunner.csproj", "{9B5D01C7-D050-A0BF-18C2-D771EA9D0A5E}"
EndProject
Project("{FAE04EC0-301F-11D3-BF4B-00C04F79EFBC}") = "Unity.Services.Core.Editor", "Unity.Services.Core.Editor.csproj", "{11D1B973-6F79-2969-44B2-678229505662}"
EndProject
Project("{FAE04EC0-301F-11D3-BF4B-00C04F79EFBC}") = "Unity.Rider.Editor", "Unity.Rider.Editor.csproj", "{1770ED59-373A-F0EE-5D32-5A6F5D5970EB}"
EndProject
Project("{FAE04EC0-301F-11D3-BF4B-00C04F79EFBC}") = "Unity.VSCode.Editor", "Unity.VSCode.Editor.csproj", "{8A478C15-8549-A8AA-039E-E6ED7E3E2C8B}"
EndProject
Project("{FAE04EC0-301F-11D3-BF4B-00C04F79EFBC}") = "Unity.Services.Core.Configuration.Editor", "Unity.Services.Core.Configuration.Editor.csproj", "{8454AA23-E9AB-99BB-03AC-ABB3748F4A0D}"
EndProject
Project("{FAE04EC0-301F-11D3-BF4B-00C04F79EFBC}") = "Unity.VisualScripting.Shared.Editor", "Unity.VisualScripting.Shared.Editor.csproj", "{74B6361E-DD2D-F2D0-126C-4A39C0B2CA11}"
EndProject
Global
	GlobalSection(SolutionConfigurationPlatforms) = preSolution
		Debug|Any CPU = Debug|Any CPU
		Release|Any CPU = Release|Any CPU
	EndGlobalSection
	GlobalSection(ProjectConfigurationPlatforms) = postSolution
		{1CFBDF4D-C64C-4492-C42C-A30DB142AF9B}.Debug|Any CPU.ActiveCfg = Debug|Any CPU
		{1CFBDF4D-C64C-4492-C42C-A30DB142AF9B}.Debug|Any CPU.Build.0 = Debug|Any CPU
		{1CFBDF4D-C64C-4492-C42C-A30DB142AF9B}.Release|Any CPU.ActiveCfg = Release|Any CPU
		{1CFBDF4D-C64C-4492-C42C-A30DB142AF9B}.Release|Any CPU.Build.0 = Release|Any CPU
		{F8C885B8-D6D1-D036-DD39-DF98F0FB9E78}.Debug|Any CPU.ActiveCfg = Debug|Any CPU
		{F8C885B8-D6D1-D036-DD39-DF98F0FB9E78}.Debug|Any CPU.Build.0 = Debug|Any CPU
		{F8C885B8-D6D1-D036-DD39-DF98F0FB9E78}.Release|Any CPU.ActiveCfg = Release|Any CPU
		{F8C885B8-D6D1-D036-DD39-DF98F0FB9E78}.Release|Any CPU.Build.0 = Release|Any CPU
		{7ED068E6-8992-1FCF-25D9-45E74BE24A45}.Debug|Any CPU.ActiveCfg = Debug|Any CPU
		{7ED068E6-8992-1FCF-25D9-45E74BE24A45}.Debug|Any CPU.Build.0 = Debug|Any CPU
		{7ED068E6-8992-1FCF-25D9-45E74BE24A45}.Release|Any CPU.ActiveCfg = Release|Any CPU
		{7ED068E6-8992-1FCF-25D9-45E74BE24A45}.Release|Any CPU.Build.0 = Release|Any CPU
		{8B88A369-B9E8-8FE3-901F-58757FFFBC4F}.Debug|Any CPU.ActiveCfg = Debug|Any CPU
		{8B88A369-B9E8-8FE3-901F-58757FFFBC4F}.Debug|Any CPU.Build.0 = Debug|Any CPU
		{8B88A369-B9E8-8FE3-901F-58757FFFBC4F}.Release|Any CPU.ActiveCfg = Release|Any CPU
		{8B88A369-B9E8-8FE3-901F-58757FFFBC4F}.Release|Any CPU.Build.0 = Release|Any CPU
		{6A5F52D3-4BBA-E590-177F-ECA4F7A81282}.Debug|Any CPU.ActiveCfg = Debug|Any CPU
		{6A5F52D3-4BBA-E590-177F-ECA4F7A81282}.Debug|Any CPU.Build.0 = Debug|Any CPU
		{6A5F52D3-4BBA-E590-177F-ECA4F7A81282}.Release|Any CPU.ActiveCfg = Release|Any CPU
		{6A5F52D3-4BBA-E590-177F-ECA4F7A81282}.Release|Any CPU.Build.0 = Release|Any CPU
		{D0535D43-97D6-C364-1546-3AF7E02C3F9D}.Debug|Any CPU.ActiveCfg = Debug|Any CPU
		{D0535D43-97D6-C364-1546-3AF7E02C3F9D}.Debug|Any CPU.Build.0 = Debug|Any CPU
		{D0535D43-97D6-C364-1546-3AF7E02C3F9D}.Release|Any CPU.ActiveCfg = Release|Any CPU
		{D0535D43-97D6-C364-1546-3AF7E02C3F9D}.Release|Any CPU.Build.0 = Release|Any CPU
		{313750E5-FA03-EA5E-781D-77CF2814394C}.Debug|Any CPU.ActiveCfg = Debug|Any CPU
		{313750E5-FA03-EA5E-781D-77CF2814394C}.Debug|Any CPU.Build.0 = Debug|Any CPU
		{313750E5-FA03-EA5E-781D-77CF2814394C}.Release|Any CPU.ActiveCfg = Release|Any CPU
		{313750E5-FA03-EA5E-781D-77CF2814394C}.Release|Any CPU.Build.0 = Release|Any CPU
		{AEF485C8-CFA8-24C9-198F-E3C5975C1FE1}.Debug|Any CPU.ActiveCfg = Debug|Any CPU
		{AEF485C8-CFA8-24C9-198F-E3C5975C1FE1}.Debug|Any CPU.Build.0 = Debug|Any CPU
		{AEF485C8-CFA8-24C9-198F-E3C5975C1FE1}.Release|Any CPU.ActiveCfg = Release|Any CPU
		{AEF485C8-CFA8-24C9-198F-E3C5975C1FE1}.Release|Any CPU.Build.0 = Release|Any CPU
		{70E71AD8-CFEE-FCC1-D033-C425CF0FBC42}.Debug|Any CPU.ActiveCfg = Debug|Any CPU
		{70E71AD8-CFEE-FCC1-D033-C425CF0FBC42}.Debug|Any CPU.Build.0 = Debug|Any CPU
		{70E71AD8-CFEE-FCC1-D033-C425CF0FBC42}.Release|Any CPU.ActiveCfg = Release|Any CPU
		{70E71AD8-CFEE-FCC1-D033-C425CF0FBC42}.Release|Any CPU.Build.0 = Release|Any CPU
		{F2D681E7-2D68-DB75-FD87-C51AEC1B91C7}.Debug|Any CPU.ActiveCfg = Debug|Any CPU
		{F2D681E7-2D68-DB75-FD87-C51AEC1B91C7}.Debug|Any CPU.Build.0 = Debug|Any CPU
		{F2D681E7-2D68-DB75-FD87-C51AEC1B91C7}.Release|Any CPU.ActiveCfg = Release|Any CPU
		{F2D681E7-2D68-DB75-FD87-C51AEC1B91C7}.Release|Any CPU.Build.0 = Release|Any CPU
		{FF29E689-B624-A407-B3C7-B1B50B33DB71}.Debug|Any CPU.ActiveCfg = Debug|Any CPU
		{FF29E689-B624-A407-B3C7-B1B50B33DB71}.Debug|Any CPU.Build.0 = Debug|Any CPU
		{FF29E689-B624-A407-B3C7-B1B50B33DB71}.Release|Any CPU.ActiveCfg = Release|Any CPU
		{FF29E689-B624-A407-B3C7-B1B50B33DB71}.Release|Any CPU.Build.0 = Release|Any CPU
		{5D7BB170-5C40-2BDA-ABD0-0857063AADD6}.Debug|Any CPU.ActiveCfg = Debug|Any CPU
		{5D7BB170-5C40-2BDA-ABD0-0857063AADD6}.Debug|Any CPU.Build.0 = Debug|Any CPU
		{5D7BB170-5C40-2BDA-ABD0-0857063AADD6}.Release|Any CPU.ActiveCfg = Release|Any CPU
		{5D7BB170-5C40-2BDA-ABD0-0857063AADD6}.Release|Any CPU.Build.0 = Release|Any CPU
		{8D5BE433-CFE8-8D6D-EE76-6499814488CB}.Debug|Any CPU.ActiveCfg = Debug|Any CPU
		{8D5BE433-CFE8-8D6D-EE76-6499814488CB}.Debug|Any CPU.Build.0 = Debug|Any CPU
		{8D5BE433-CFE8-8D6D-EE76-6499814488CB}.Release|Any CPU.ActiveCfg = Release|Any CPU
		{8D5BE433-CFE8-8D6D-EE76-6499814488CB}.Release|Any CPU.Build.0 = Release|Any CPU
		{41759D0B-9286-B266-10A8-C94C42F2D1C9}.Debug|Any CPU.ActiveCfg = Debug|Any CPU
		{41759D0B-9286-B266-10A8-C94C42F2D1C9}.Debug|Any CPU.Build.0 = Debug|Any CPU
		{41759D0B-9286-B266-10A8-C94C42F2D1C9}.Release|Any CPU.ActiveCfg = Release|Any CPU
		{41759D0B-9286-B266-10A8-C94C42F2D1C9}.Release|Any CPU.Build.0 = Release|Any CPU
		{2D12653E-B723-DF85-9819-80C26DF3ECC6}.Debug|Any CPU.ActiveCfg = Debug|Any CPU
		{2D12653E-B723-DF85-9819-80C26DF3ECC6}.Debug|Any CPU.Build.0 = Debug|Any CPU
		{2D12653E-B723-DF85-9819-80C26DF3ECC6}.Release|Any CPU.ActiveCfg = Release|Any CPU
		{2D12653E-B723-DF85-9819-80C26DF3ECC6}.Release|Any CPU.Build.0 = Release|Any CPU
		{EC6E6885-1F8E-7AE1-5F1B-5FC61C99A72C}.Debug|Any CPU.ActiveCfg = Debug|Any CPU
		{EC6E6885-1F8E-7AE1-5F1B-5FC61C99A72C}.Debug|Any CPU.Build.0 = Debug|Any CPU
		{EC6E6885-1F8E-7AE1-5F1B-5FC61C99A72C}.Release|Any CPU.ActiveCfg = Release|Any CPU
		{EC6E6885-1F8E-7AE1-5F1B-5FC61C99A72C}.Release|Any CPU.Build.0 = Release|Any CPU
		{C1AA7755-0173-6A1C-8B0A-E72C5D35CDD8}.Debug|Any CPU.ActiveCfg = Debug|Any CPU
		{C1AA7755-0173-6A1C-8B0A-E72C5D35CDD8}.Debug|Any CPU.Build.0 = Debug|Any CPU
		{C1AA7755-0173-6A1C-8B0A-E72C5D35CDD8}.Release|Any CPU.ActiveCfg = Release|Any CPU
		{C1AA7755-0173-6A1C-8B0A-E72C5D35CDD8}.Release|Any CPU.Build.0 = Release|Any CPU
		{970A15E4-3413-BF05-BE14-326A9B73D916}.Debug|Any CPU.ActiveCfg = Debug|Any CPU
		{970A15E4-3413-BF05-BE14-326A9B73D916}.Debug|Any CPU.Build.0 = Debug|Any CPU
		{970A15E4-3413-BF05-BE14-326A9B73D916}.Release|Any CPU.ActiveCfg = Release|Any CPU
		{970A15E4-3413-BF05-BE14-326A9B73D916}.Release|Any CPU.Build.0 = Release|Any CPU
		{5AA26410-774E-984D-A265-B086E92137C3}.Debug|Any CPU.ActiveCfg = Debug|Any CPU
		{5AA26410-774E-984D-A265-B086E92137C3}.Debug|Any CPU.Build.0 = Debug|Any CPU
		{5AA26410-774E-984D-A265-B086E92137C3}.Release|Any CPU.ActiveCfg = Release|Any CPU
		{5AA26410-774E-984D-A265-B086E92137C3}.Release|Any CPU.Build.0 = Release|Any CPU
		{9940291E-2B7F-B1C9-F00D-37D404496F7A}.Debug|Any CPU.ActiveCfg = Debug|Any CPU
		{9940291E-2B7F-B1C9-F00D-37D404496F7A}.Debug|Any CPU.Build.0 = Debug|Any CPU
		{9940291E-2B7F-B1C9-F00D-37D404496F7A}.Release|Any CPU.ActiveCfg = Release|Any CPU
		{9940291E-2B7F-B1C9-F00D-37D404496F7A}.Release|Any CPU.Build.0 = Release|Any CPU
		{D7BBDD3D-4FBB-D8C2-1B2D-8F0031F075B4}.Debug|Any CPU.ActiveCfg = Debug|Any CPU
		{D7BBDD3D-4FBB-D8C2-1B2D-8F0031F075B4}.Debug|Any CPU.Build.0 = Debug|Any CPU
		{D7BBDD3D-4FBB-D8C2-1B2D-8F0031F075B4}.Release|Any CPU.ActiveCfg = Release|Any CPU
		{D7BBDD3D-4FBB-D8C2-1B2D-8F0031F075B4}.Release|Any CPU.Build.0 = Release|Any CPU
		{AC888DD0-BD1D-8415-95FB-96BB39242BEF}.Debug|Any CPU.ActiveCfg = Debug|Any CPU
		{AC888DD0-BD1D-8415-95FB-96BB39242BEF}.Debug|Any CPU.Build.0 = Debug|Any CPU
		{AC888DD0-BD1D-8415-95FB-96BB39242BEF}.Release|Any CPU.ActiveCfg = Release|Any CPU
		{AC888DD0-BD1D-8415-95FB-96BB39242BEF}.Release|Any CPU.Build.0 = Release|Any CPU
		{7D72D995-D7F0-CCA0-2AF8-33FB0C6255E4}.Debug|Any CPU.ActiveCfg = Debug|Any CPU
		{7D72D995-D7F0-CCA0-2AF8-33FB0C6255E4}.Debug|Any CPU.Build.0 = Debug|Any CPU
		{7D72D995-D7F0-CCA0-2AF8-33FB0C6255E4}.Release|Any CPU.ActiveCfg = Release|Any CPU
		{7D72D995-D7F0-CCA0-2AF8-33FB0C6255E4}.Release|Any CPU.Build.0 = Release|Any CPU
		{01FE7F1E-E88C-609B-1D92-8536FA85050E}.Debug|Any CPU.ActiveCfg = Debug|Any CPU
		{01FE7F1E-E88C-609B-1D92-8536FA85050E}.Debug|Any CPU.Build.0 = Debug|Any CPU
		{01FE7F1E-E88C-609B-1D92-8536FA85050E}.Release|Any CPU.ActiveCfg = Release|Any CPU
		{01FE7F1E-E88C-609B-1D92-8536FA85050E}.Release|Any CPU.Build.0 = Release|Any CPU
		{B58877A3-5753-E8D7-B859-9334C67D4F5B}.Debug|Any CPU.ActiveCfg = Debug|Any CPU
		{B58877A3-5753-E8D7-B859-9334C67D4F5B}.Debug|Any CPU.Build.0 = Debug|Any CPU
		{B58877A3-5753-E8D7-B859-9334C67D4F5B}.Release|Any CPU.ActiveCfg = Release|Any CPU
		{B58877A3-5753-E8D7-B859-9334C67D4F5B}.Release|Any CPU.Build.0 = Release|Any CPU
		{2BF9FB9D-26D4-5BB6-161C-940E07B11AE4}.Debug|Any CPU.ActiveCfg = Debug|Any CPU
		{2BF9FB9D-26D4-5BB6-161C-940E07B11AE4}.Debug|Any CPU.Build.0 = Debug|Any CPU
		{2BF9FB9D-26D4-5BB6-161C-940E07B11AE4}.Release|Any CPU.ActiveCfg = Release|Any CPU
		{2BF9FB9D-26D4-5BB6-161C-940E07B11AE4}.Release|Any CPU.Build.0 = Release|Any CPU
		{EC523D29-0CD8-BF6E-244D-B869BA6347F0}.Debug|Any CPU.ActiveCfg = Debug|Any CPU
		{EC523D29-0CD8-BF6E-244D-B869BA6347F0}.Debug|Any CPU.Build.0 = Debug|Any CPU
		{EC523D29-0CD8-BF6E-244D-B869BA6347F0}.Release|Any CPU.ActiveCfg = Release|Any CPU
		{EC523D29-0CD8-BF6E-244D-B869BA6347F0}.Release|Any CPU.Build.0 = Release|Any CPU
		{9B5D01C7-D050-A0BF-18C2-D771EA9D0A5E}.Debug|Any CPU.ActiveCfg = Debug|Any CPU
		{9B5D01C7-D050-A0BF-18C2-D771EA9D0A5E}.Debug|Any CPU.Build.0 = Debug|Any CPU
		{9B5D01C7-D050-A0BF-18C2-D771EA9D0A5E}.Release|Any CPU.ActiveCfg = Release|Any CPU
		{9B5D01C7-D050-A0BF-18C2-D771EA9D0A5E}.Release|Any CPU.Build.0 = Release|Any CPU
		{11D1B973-6F79-2969-44B2-678229505662}.Debug|Any CPU.ActiveCfg = Debug|Any CPU
		{11D1B973-6F79-2969-44B2-678229505662}.Debug|Any CPU.Build.0 = Debug|Any CPU
		{11D1B973-6F79-2969-44B2-678229505662}.Release|Any CPU.ActiveCfg = Release|Any CPU
		{11D1B973-6F79-2969-44B2-678229505662}.Release|Any CPU.Build.0 = Release|Any CPU
		{1770ED59-373A-F0EE-5D32-5A6F5D5970EB}.Debug|Any CPU.ActiveCfg = Debug|Any CPU
		{1770ED59-373A-F0EE-5D32-5A6F5D5970EB}.Debug|Any CPU.Build.0 = Debug|Any CPU
		{1770ED59-373A-F0EE-5D32-5A6F5D5970EB}.Release|Any CPU.ActiveCfg = Release|Any CPU
		{1770ED59-373A-F0EE-5D32-5A6F5D5970EB}.Release|Any CPU.Build.0 = Release|Any CPU
		{8A478C15-8549-A8AA-039E-E6ED7E3E2C8B}.Debug|Any CPU.ActiveCfg = Debug|Any CPU
		{8A478C15-8549-A8AA-039E-E6ED7E3E2C8B}.Debug|Any CPU.Build.0 = Debug|Any CPU
		{8A478C15-8549-A8AA-039E-E6ED7E3E2C8B}.Release|Any CPU.ActiveCfg = Release|Any CPU
		{8A478C15-8549-A8AA-039E-E6ED7E3E2C8B}.Release|Any CPU.Build.0 = Release|Any CPU
		{8454AA23-E9AB-99BB-03AC-ABB3748F4A0D}.Debug|Any CPU.ActiveCfg = Debug|Any CPU
		{8454AA23-E9AB-99BB-03AC-ABB3748F4A0D}.Debug|Any CPU.Build.0 = Debug|Any CPU
		{8454AA23-E9AB-99BB-03AC-ABB3748F4A0D}.Release|Any CPU.ActiveCfg = Release|Any CPU
		{8454AA23-E9AB-99BB-03AC-ABB3748F4A0D}.Release|Any CPU.Build.0 = Release|Any CPU
		{74B6361E-DD2D-F2D0-126C-4A39C0B2CA11}.Debug|Any CPU.ActiveCfg = Debug|Any CPU
		{74B6361E-DD2D-F2D0-126C-4A39C0B2CA11}.Debug|Any CPU.Build.0 = Debug|Any CPU
		{74B6361E-DD2D-F2D0-126C-4A39C0B2CA11}.Release|Any CPU.ActiveCfg = Release|Any CPU
		{74B6361E-DD2D-F2D0-126C-4A39C0B2CA11}.Release|Any CPU.Build.0 = Release|Any CPU
	EndGlobalSection
	GlobalSection(SolutionProperties) = preSolution
		HideSolutionNode = FALSE
	EndGlobalSection
EndGlobal
