
Microsoft Visual Studio Solution File, Format Version 11.00
# Visual Studio 2010
Project("{FAE04EC0-301F-11D3-BF4B-00C04F79EFBC}") = "UnityEngine.TestRunner", "UnityEngine.TestRunner.csproj", "{8b89e208-89b4-2d1e-7e2f-1d4609d32e29}"
EndProject
Project("{FAE04EC0-301F-11D3-BF4B-00C04F79EFBC}") = "Assembly-CSharp", "Assembly-CSharp.csproj", "{7e3c8747-1148-9738-85a9-695813cc87d0}"
EndProject
Project("{FAE04EC0-301F-11D3-BF4B-00C04F79EFBC}") = "Unity.VisualScripting.Flow", "Unity.VisualScripting.Flow.csproj", "{665a3874-55f0-4ed3-5aa1-4ea8fab634bb}"
EndProject
Project("{FAE04EC0-301F-11D3-BF4B-00C04F79EFBC}") = "Unity.Mathematics", "Unity.Mathematics.csproj", "{e919739f-4a03-af39-ed37-9c551d6e7fba}"
EndProject
Project("{FAE04EC0-301F-11D3-BF4B-00C04F79EFBC}") = "Unity.Services.Core.Telemetry", "Unity.Services.Core.Telemetry.csproj", "{94d51509-893e-4bbc-b5b2-ede890353bb3}"
EndProject
Project("{FAE04EC0-301F-11D3-BF4B-00C04F79EFBC}") = "Unity.VisualScripting.State", "Unity.VisualScripting.State.csproj", "{2d0e96c4-b1b4-b332-ca38-d9f0e38ec34e}"
EndProject
Project("{FAE04EC0-301F-11D3-BF4B-00C04F79EFBC}") = "Unity.VisualScripting.Core", "Unity.VisualScripting.Core.csproj", "{1b8d4f4c-d314-f397-5528-e21b14a9c2e2}"
EndProject
Project("{FAE04EC0-301F-11D3-BF4B-00C04F79EFBC}") = "Unity.Services.Core.Environments.Internal", "Unity.Services.Core.Environments.Internal.csproj", "{bafdf060-e455-f501-f92f-07a62c4ee12f}"
EndProject
Project("{FAE04EC0-301F-11D3-BF4B-00C04F79EFBC}") = "Unity.Burst", "Unity.Burst.csproj", "{054265b2-87a0-eac3-72b4-439aa397df2d}"
EndProject
Project("{FAE04EC0-301F-11D3-BF4B-00C04F79EFBC}") = "Unity.TextMeshPro", "Unity.TextMeshPro.csproj", "{a3971ecc-6cda-9c1d-0b74-8a1803c4de19}"
EndProject
Project("{FAE04EC0-301F-11D3-BF4B-00C04F79EFBC}") = "Unity.Timeline", "Unity.Timeline.csproj", "{08f9c5d0-4386-cf17-4dda-520b66d79c0f}"
EndProject
Project("{FAE04EC0-301F-11D3-BF4B-00C04F79EFBC}") = "Unity.Services.Core.Environments", "Unity.Services.Core.Environments.csproj", "{51ff6321-75c0-3260-e7e8-023dd39d5a3a}"
EndProject
Project("{FAE04EC0-301F-11D3-BF4B-00C04F79EFBC}") = "Unity.Services.Core.Internal", "Unity.Services.Core.Internal.csproj", "{3a6cd930-5be9-a56b-4d57-9a07ec688462}"
EndProject
Project("{FAE04EC0-301F-11D3-BF4B-00C04F79EFBC}") = "Unity.Services.Core.Analytics", "Unity.Services.Core.Analytics.csproj", "{1f40d5ab-8779-65ae-a841-66a3c9c2d8b8}"
EndProject
Project("{FAE04EC0-301F-11D3-BF4B-00C04F79EFBC}") = "Unity.Services.Core.Scheduler", "Unity.Services.Core.Scheduler.csproj", "{ea5791c8-6c80-483e-ba25-f7110f694c4a}"
EndProject
Project("{FAE04EC0-301F-11D3-BF4B-00C04F79EFBC}") = "Unity.Services.Core.Registration", "Unity.Services.Core.Registration.csproj", "{6dff12ba-4208-94ba-789b-aeddaaf82fa7}"
EndProject
Project("{FAE04EC0-301F-11D3-BF4B-00C04F79EFBC}") = "Unity.Services.Core.Device", "Unity.Services.Core.Device.csproj", "{a57cbf1c-d75c-ea06-3497-110341a3a2a9}"
EndProject
Project("{FAE04EC0-301F-11D3-BF4B-00C04F79EFBC}") = "Unity.Services.Core.Threading", "Unity.Services.Core.Threading.csproj", "{a78da9d1-6eba-14ea-dc84-9046fedd453f}"
EndProject
Project("{FAE04EC0-301F-11D3-BF4B-00C04F79EFBC}") = "Unity.Services.Core.Networking", "Unity.Services.Core.Networking.csproj", "{dd288f57-bd2b-3dff-e646-ffe92d9bf421}"
EndProject
Project("{FAE04EC0-301F-11D3-BF4B-00C04F79EFBC}") = "Unity.Services.Core", "Unity.Services.Core.csproj", "{44f4ec4d-3f49-0fc7-77c0-a0cf05beff50}"
EndProject
Project("{FAE04EC0-301F-11D3-BF4B-00C04F79EFBC}") = "Unity.Services.Core.Configuration", "Unity.Services.Core.Configuration.csproj", "{34fd1a2d-a6a4-cec9-4131-1e5dd69b4de1}"
EndProject
Project("{FAE04EC0-301F-11D3-BF4B-00C04F79EFBC}") = "Unity.PlasticSCM.Editor", "Unity.PlasticSCM.Editor.csproj", "{07d06ff2-56cb-b809-fed2-1f3af3ee5ff4}"
EndProject
Project("{FAE04EC0-301F-11D3-BF4B-00C04F79EFBC}") = "Unity.VisualScripting.Core.Editor", "Unity.VisualScripting.Core.Editor.csproj", "{af294e3b-96f1-9360-2ffe-141bd1399dd3}"
EndProject
Project("{FAE04EC0-301F-11D3-BF4B-00C04F79EFBC}") = "Unity.VisualScripting.Flow.Editor", "Unity.VisualScripting.Flow.Editor.csproj", "{b61cbd83-543d-f82c-055d-bf0dc7341c29}"
EndProject
Project("{FAE04EC0-301F-11D3-BF4B-00C04F79EFBC}") = "Unity.VisualStudio.Editor", "Unity.VisualStudio.Editor.csproj", "{a00a1b65-dee7-2b65-0920-de12094fcca2}"
EndProject
Project("{FAE04EC0-301F-11D3-BF4B-00C04F79EFBC}") = "Unity.Timeline.Editor", "Unity.Timeline.Editor.csproj", "{878b8116-c5c7-3f39-0faf-319d5f75696b}"
EndProject
Project("{FAE04EC0-301F-11D3-BF4B-00C04F79EFBC}") = "Unity.VisualScripting.State.Editor", "Unity.VisualScripting.State.Editor.csproj", "{8f031616-420f-b079-5da2-b2852bf417b3}"
EndProject
Project("{FAE04EC0-301F-11D3-BF4B-00C04F79EFBC}") = "Unity.TextMeshPro.Editor", "Unity.TextMeshPro.Editor.csproj", "{f779b5fe-2d3f-0410-9fba-c56cb33a800a}"
EndProject
Project("{FAE04EC0-301F-11D3-BF4B-00C04F79EFBC}") = "Unity.VisualScripting.SettingsProvider.Editor", "Unity.VisualScripting.SettingsProvider.Editor.csproj", "{c904c344-8759-9eb2-6b56-397963d6536a}"
EndProject
Project("{FAE04EC0-301F-11D3-BF4B-00C04F79EFBC}") = "Unity.CollabProxy.Editor", "Unity.CollabProxy.Editor.csproj", "{bd42c351-16c7-582e-2135-8b4faaf2493f}"
EndProject
Project("{FAE04EC0-301F-11D3-BF4B-00C04F79EFBC}") = "UnityEditor.TestRunner", "UnityEditor.TestRunner.csproj", "{632b31da-7250-dceb-0463-2e05d2e37805}"
EndProject
Project("{FAE04EC0-301F-11D3-BF4B-00C04F79EFBC}") = "Unity.Services.Core.Editor", "Unity.Services.Core.Editor.csproj", "{19dc5305-19ab-7e2c-f8d0-079e8feee08f}"
EndProject
Project("{FAE04EC0-301F-11D3-BF4B-00C04F79EFBC}") = "Unity.Rider.Editor", "Unity.Rider.Editor.csproj", "{36413810-051a-98ff-78ef-6301d174813e}"
EndProject
Project("{FAE04EC0-301F-11D3-BF4B-00C04F79EFBC}") = "Unity.Searcher.Editor", "Unity.Searcher.Editor.csproj", "{41439450-9fd2-9833-8afb-abe1171b1855}"
EndProject
Project("{FAE04EC0-301F-11D3-BF4B-00C04F79EFBC}") = "Unity.SysrootPackage.Editor", "Unity.SysrootPackage.Editor.csproj", "{130634f3-7ffe-8424-01b8-0aeedce9407b}"
EndProject
Project("{FAE04EC0-301F-11D3-BF4B-00C04F79EFBC}") = "Unity.Burst.CodeGen", "Unity.Burst.CodeGen.csproj", "{ca8c434b-881f-6d29-eed0-568fa7de267d}"
EndProject
Project("{FAE04EC0-301F-11D3-BF4B-00C04F79EFBC}") = "Unity.VSCode.Editor", "Unity.VSCode.Editor.csproj", "{d71138ce-029b-0759-7534-12dbad675fc7}"
EndProject
Project("{FAE04EC0-301F-11D3-BF4B-00C04F79EFBC}") = "Unity.Toolchain.Win-x86_64-Linux-x86_64", "Unity.Toolchain.Win-x86_64-Linux-x86_64.csproj", "{c092a400-a19d-3818-67c0-a6a1f544a94e}"
EndProject
Project("{FAE04EC0-301F-11D3-BF4B-00C04F79EFBC}") = "Unity.Mathematics.Editor", "Unity.Mathematics.Editor.csproj", "{602c6c04-c264-e8a7-22ea-57bc701505b4}"
EndProject
Project("{FAE04EC0-301F-11D3-BF4B-00C04F79EFBC}") = "Unity.Services.Core.Configuration.Editor", "Unity.Services.Core.Configuration.Editor.csproj", "{a66c1a07-00d5-3e8f-0347-9729fa49868f}"
EndProject
Project("{FAE04EC0-301F-11D3-BF4B-00C04F79EFBC}") = "Unity.Burst.Editor", "Unity.Burst.Editor.csproj", "{ff1f9ff7-da8c-de59-ef47-db7e5d6affe6}"
EndProject
Project("{FAE04EC0-301F-11D3-BF4B-00C04F79EFBC}") = "Assembly-CSharp-Editor", "Assembly-CSharp-Editor.csproj", "{4ffb5dd9-e09f-daaf-bbbd-05a5d5869276}"
EndProject
Project("{FAE04EC0-301F-11D3-BF4B-00C04F79EFBC}") = "Unity.Sysroot.Linux_x86_64", "Unity.Sysroot.Linux_x86_64.csproj", "{2021d92b-ebdd-0a79-56db-4d38d4ff1298}"
EndProject
Project("{FAE04EC0-301F-11D3-BF4B-00C04F79EFBC}") = "Unity.VisualScripting.Shared.Editor", "Unity.VisualScripting.Shared.Editor.csproj", "{ed60eb90-a2cd-f93a-b727-495076d7992d}"
EndProject
Global
	GlobalSection(SolutionConfigurationPlatforms) = preSolution
		Debug|Any CPU = Debug|Any CPU
	EndGlobalSection
	GlobalSection(ProjectConfigurationPlatforms) = postSolution
		{8b89e208-89b4-2d1e-7e2f-1d4609d32e29}.Debug|Any CPU.ActiveCfg = Debug|Any CPU
		{8b89e208-89b4-2d1e-7e2f-1d4609d32e29}.Debug|Any CPU.Build.0 = Debug|Any CPU
		{7e3c8747-1148-9738-85a9-695813cc87d0}.Debug|Any CPU.ActiveCfg = Debug|Any CPU
		{7e3c8747-1148-9738-85a9-695813cc87d0}.Debug|Any CPU.Build.0 = Debug|Any CPU
		{665a3874-55f0-4ed3-5aa1-4ea8fab634bb}.Debug|Any CPU.ActiveCfg = Debug|Any CPU
		{665a3874-55f0-4ed3-5aa1-4ea8fab634bb}.Debug|Any CPU.Build.0 = Debug|Any CPU
		{e919739f-4a03-af39-ed37-9c551d6e7fba}.Debug|Any CPU.ActiveCfg = Debug|Any CPU
		{e919739f-4a03-af39-ed37-9c551d6e7fba}.Debug|Any CPU.Build.0 = Debug|Any CPU
		{94d51509-893e-4bbc-b5b2-ede890353bb3}.Debug|Any CPU.ActiveCfg = Debug|Any CPU
		{94d51509-893e-4bbc-b5b2-ede890353bb3}.Debug|Any CPU.Build.0 = Debug|Any CPU
		{2d0e96c4-b1b4-b332-ca38-d9f0e38ec34e}.Debug|Any CPU.ActiveCfg = Debug|Any CPU
		{2d0e96c4-b1b4-b332-ca38-d9f0e38ec34e}.Debug|Any CPU.Build.0 = Debug|Any CPU
		{1b8d4f4c-d314-f397-5528-e21b14a9c2e2}.Debug|Any CPU.ActiveCfg = Debug|Any CPU
		{1b8d4f4c-d314-f397-5528-e21b14a9c2e2}.Debug|Any CPU.Build.0 = Debug|Any CPU
		{bafdf060-e455-f501-f92f-07a62c4ee12f}.Debug|Any CPU.ActiveCfg = Debug|Any CPU
		{bafdf060-e455-f501-f92f-07a62c4ee12f}.Debug|Any CPU.Build.0 = Debug|Any CPU
		{054265b2-87a0-eac3-72b4-439aa397df2d}.Debug|Any CPU.ActiveCfg = Debug|Any CPU
		{054265b2-87a0-eac3-72b4-439aa397df2d}.Debug|Any CPU.Build.0 = Debug|Any CPU
		{a3971ecc-6cda-9c1d-0b74-8a1803c4de19}.Debug|Any CPU.ActiveCfg = Debug|Any CPU
		{a3971ecc-6cda-9c1d-0b74-8a1803c4de19}.Debug|Any CPU.Build.0 = Debug|Any CPU
		{08f9c5d0-4386-cf17-4dda-520b66d79c0f}.Debug|Any CPU.ActiveCfg = Debug|Any CPU
		{08f9c5d0-4386-cf17-4dda-520b66d79c0f}.Debug|Any CPU.Build.0 = Debug|Any CPU
		{51ff6321-75c0-3260-e7e8-023dd39d5a3a}.Debug|Any CPU.ActiveCfg = Debug|Any CPU
		{51ff6321-75c0-3260-e7e8-023dd39d5a3a}.Debug|Any CPU.Build.0 = Debug|Any CPU
		{3a6cd930-5be9-a56b-4d57-9a07ec688462}.Debug|Any CPU.ActiveCfg = Debug|Any CPU
		{3a6cd930-5be9-a56b-4d57-9a07ec688462}.Debug|Any CPU.Build.0 = Debug|Any CPU
		{1f40d5ab-8779-65ae-a841-66a3c9c2d8b8}.Debug|Any CPU.ActiveCfg = Debug|Any CPU
		{1f40d5ab-8779-65ae-a841-66a3c9c2d8b8}.Debug|Any CPU.Build.0 = Debug|Any CPU
		{ea5791c8-6c80-483e-ba25-f7110f694c4a}.Debug|Any CPU.ActiveCfg = Debug|Any CPU
		{ea5791c8-6c80-483e-ba25-f7110f694c4a}.Debug|Any CPU.Build.0 = Debug|Any CPU
		{6dff12ba-4208-94ba-789b-aeddaaf82fa7}.Debug|Any CPU.ActiveCfg = Debug|Any CPU
		{6dff12ba-4208-94ba-789b-aeddaaf82fa7}.Debug|Any CPU.Build.0 = Debug|Any CPU
		{a57cbf1c-d75c-ea06-3497-110341a3a2a9}.Debug|Any CPU.ActiveCfg = Debug|Any CPU
		{a57cbf1c-d75c-ea06-3497-110341a3a2a9}.Debug|Any CPU.Build.0 = Debug|Any CPU
		{a78da9d1-6eba-14ea-dc84-9046fedd453f}.Debug|Any CPU.ActiveCfg = Debug|Any CPU
		{a78da9d1-6eba-14ea-dc84-9046fedd453f}.Debug|Any CPU.Build.0 = Debug|Any CPU
		{dd288f57-bd2b-3dff-e646-ffe92d9bf421}.Debug|Any CPU.ActiveCfg = Debug|Any CPU
		{dd288f57-bd2b-3dff-e646-ffe92d9bf421}.Debug|Any CPU.Build.0 = Debug|Any CPU
		{44f4ec4d-3f49-0fc7-77c0-a0cf05beff50}.Debug|Any CPU.ActiveCfg = Debug|Any CPU
		{44f4ec4d-3f49-0fc7-77c0-a0cf05beff50}.Debug|Any CPU.Build.0 = Debug|Any CPU
		{34fd1a2d-a6a4-cec9-4131-1e5dd69b4de1}.Debug|Any CPU.ActiveCfg = Debug|Any CPU
		{34fd1a2d-a6a4-cec9-4131-1e5dd69b4de1}.Debug|Any CPU.Build.0 = Debug|Any CPU
		{07d06ff2-56cb-b809-fed2-1f3af3ee5ff4}.Debug|Any CPU.ActiveCfg = Debug|Any CPU
		{07d06ff2-56cb-b809-fed2-1f3af3ee5ff4}.Debug|Any CPU.Build.0 = Debug|Any CPU
		{af294e3b-96f1-9360-2ffe-141bd1399dd3}.Debug|Any CPU.ActiveCfg = Debug|Any CPU
		{af294e3b-96f1-9360-2ffe-141bd1399dd3}.Debug|Any CPU.Build.0 = Debug|Any CPU
		{b61cbd83-543d-f82c-055d-bf0dc7341c29}.Debug|Any CPU.ActiveCfg = Debug|Any CPU
		{b61cbd83-543d-f82c-055d-bf0dc7341c29}.Debug|Any CPU.Build.0 = Debug|Any CPU
		{a00a1b65-dee7-2b65-0920-de12094fcca2}.Debug|Any CPU.ActiveCfg = Debug|Any CPU
		{a00a1b65-dee7-2b65-0920-de12094fcca2}.Debug|Any CPU.Build.0 = Debug|Any CPU
		{878b8116-c5c7-3f39-0faf-319d5f75696b}.Debug|Any CPU.ActiveCfg = Debug|Any CPU
		{878b8116-c5c7-3f39-0faf-319d5f75696b}.Debug|Any CPU.Build.0 = Debug|Any CPU
		{8f031616-420f-b079-5da2-b2852bf417b3}.Debug|Any CPU.ActiveCfg = Debug|Any CPU
		{8f031616-420f-b079-5da2-b2852bf417b3}.Debug|Any CPU.Build.0 = Debug|Any CPU
		{f779b5fe-2d3f-0410-9fba-c56cb33a800a}.Debug|Any CPU.ActiveCfg = Debug|Any CPU
		{f779b5fe-2d3f-0410-9fba-c56cb33a800a}.Debug|Any CPU.Build.0 = Debug|Any CPU
		{c904c344-8759-9eb2-6b56-397963d6536a}.Debug|Any CPU.ActiveCfg = Debug|Any CPU
		{c904c344-8759-9eb2-6b56-397963d6536a}.Debug|Any CPU.Build.0 = Debug|Any CPU
		{bd42c351-16c7-582e-2135-8b4faaf2493f}.Debug|Any CPU.ActiveCfg = Debug|Any CPU
		{bd42c351-16c7-582e-2135-8b4faaf2493f}.Debug|Any CPU.Build.0 = Debug|Any CPU
		{632b31da-7250-dceb-0463-2e05d2e37805}.Debug|Any CPU.ActiveCfg = Debug|Any CPU
		{632b31da-7250-dceb-0463-2e05d2e37805}.Debug|Any CPU.Build.0 = Debug|Any CPU
		{19dc5305-19ab-7e2c-f8d0-079e8feee08f}.Debug|Any CPU.ActiveCfg = Debug|Any CPU
		{19dc5305-19ab-7e2c-f8d0-079e8feee08f}.Debug|Any CPU.Build.0 = Debug|Any CPU
		{36413810-051a-98ff-78ef-6301d174813e}.Debug|Any CPU.ActiveCfg = Debug|Any CPU
		{36413810-051a-98ff-78ef-6301d174813e}.Debug|Any CPU.Build.0 = Debug|Any CPU
		{41439450-9fd2-9833-8afb-abe1171b1855}.Debug|Any CPU.ActiveCfg = Debug|Any CPU
		{41439450-9fd2-9833-8afb-abe1171b1855}.Debug|Any CPU.Build.0 = Debug|Any CPU
		{130634f3-7ffe-8424-01b8-0aeedce9407b}.Debug|Any CPU.ActiveCfg = Debug|Any CPU
		{130634f3-7ffe-8424-01b8-0aeedce9407b}.Debug|Any CPU.Build.0 = Debug|Any CPU
		{ca8c434b-881f-6d29-eed0-568fa7de267d}.Debug|Any CPU.ActiveCfg = Debug|Any CPU
		{ca8c434b-881f-6d29-eed0-568fa7de267d}.Debug|Any CPU.Build.0 = Debug|Any CPU
		{d71138ce-029b-0759-7534-12dbad675fc7}.Debug|Any CPU.ActiveCfg = Debug|Any CPU
		{d71138ce-029b-0759-7534-12dbad675fc7}.Debug|Any CPU.Build.0 = Debug|Any CPU
		{c092a400-a19d-3818-67c0-a6a1f544a94e}.Debug|Any CPU.ActiveCfg = Debug|Any CPU
		{c092a400-a19d-3818-67c0-a6a1f544a94e}.Debug|Any CPU.Build.0 = Debug|Any CPU
		{602c6c04-c264-e8a7-22ea-57bc701505b4}.Debug|Any CPU.ActiveCfg = Debug|Any CPU
		{602c6c04-c264-e8a7-22ea-57bc701505b4}.Debug|Any CPU.Build.0 = Debug|Any CPU
		{a66c1a07-00d5-3e8f-0347-9729fa49868f}.Debug|Any CPU.ActiveCfg = Debug|Any CPU
		{a66c1a07-00d5-3e8f-0347-9729fa49868f}.Debug|Any CPU.Build.0 = Debug|Any CPU
		{ff1f9ff7-da8c-de59-ef47-db7e5d6affe6}.Debug|Any CPU.ActiveCfg = Debug|Any CPU
		{ff1f9ff7-da8c-de59-ef47-db7e5d6affe6}.Debug|Any CPU.Build.0 = Debug|Any CPU
		{4ffb5dd9-e09f-daaf-bbbd-05a5d5869276}.Debug|Any CPU.ActiveCfg = Debug|Any CPU
		{4ffb5dd9-e09f-daaf-bbbd-05a5d5869276}.Debug|Any CPU.Build.0 = Debug|Any CPU
		{2021d92b-ebdd-0a79-56db-4d38d4ff1298}.Debug|Any CPU.ActiveCfg = Debug|Any CPU
		{2021d92b-ebdd-0a79-56db-4d38d4ff1298}.Debug|Any CPU.Build.0 = Debug|Any CPU
		{ed60eb90-a2cd-f93a-b727-495076d7992d}.Debug|Any CPU.ActiveCfg = Debug|Any CPU
		{ed60eb90-a2cd-f93a-b727-495076d7992d}.Debug|Any CPU.Build.0 = Debug|Any CPU
	EndGlobalSection
	GlobalSection(SolutionProperties) = preSolution
		HideSolutionNode = FALSE
	EndGlobalSection
EndGlobal
